{"1.2.0",
[{<<"cowboy">>,{pkg,<<"cowboy">>,<<"2.9.0">>},1},
 {<<"cowlib">>,{pkg,<<"cowlib">>,<<"2.11.0">>},2},
 {<<"fast_tls">>,{pkg,<<"fast_tls">>,<<"1.1.13">>},2},
 {<<"goldrush">>,{pkg,<<"goldrush">>,<<"0.1.9">>},2},
 {<<"jsx">>,{pkg,<<"jsx">>,<<"3.1.0">>},1},
 {<<"lager">>,{pkg,<<"lager">>,<<"3.9.2">>},1},
 {<<"p1_utils">>,{pkg,<<"p1_utils">>,<<"1.0.24">>},2},
 {<<"ranch">>,{pkg,<<"ranch">>,<<"1.8.0">>},2},
 {<<"stun">>,{pkg,<<"stun">>,<<"1.2.0">>},1},
 {<<"syn">>,{pkg,<<"syn">>,<<"3.2.1">>},1},
 {<<"webrtc_server">>,
  {git,"https://github.com/kevsmith/webrtc-server",
       {ref,"b73f180117eb788d268e8f0063a3da2f66e64ecf"}},
  0}]}.
[
{pkg_hash,[
 {<<"cowboy">>, <<"865DD8B6607E14CF03282E10E934023A1BD8BE6F6BACF921A7E2A96D800CD452">>},
 {<<"cowlib">>, <<"0B9FF9C346629256C42EBE1EEB769A83C6CB771A6EE5960BD110AB0B9B872063">>},
 {<<"fast_tls">>, <<"828CDC75E1E8FCE8158846D2B971D8B4FE2B2DDCC75B759E88D751079BF78AFD">>},
 {<<"goldrush">>, <<"F06E5D5F1277DA5C413E84D5A2924174182FB108DABB39D5EC548B27424CD106">>},
 {<<"jsx">>, <<"D12516BAA0BB23A59BB35DCCAF02A1BD08243FCBB9EFE24F2D9D056CCFF71268">>},
 {<<"lager">>, <<"4CAB289120EB24964E3886BD22323CB5FEFE4510C076992A23AD18CF85413D8C">>},
 {<<"p1_utils">>, <<"9DEBE3626F8041D20E13098526B95A144239AC2FD4AFC88BCF09DB6A5D0DCC35">>},
 {<<"ranch">>, <<"8C7A100A139FD57F17327B6413E4167AC559FBC04CA7448E9BE9057311597A1D">>},
 {<<"stun">>, <<"8C28E38A2DF8FB6722466E564C7E93FC9B829426FFFACFAA6EC1F772D69A06DB">>},
 {<<"syn">>, <<"1D75A19A3E82773E1F281867132D4E234A36CC2AF09862B03C56800B1F6C58AF">>}]},
{pkg_hash_ext,[
 {<<"cowboy">>, <<"2C729F934B4E1AA149AFF882F57C6372C15399A20D54F65C8D67BEF583021BDE">>},
 {<<"cowlib">>, <<"2B3E9DA0B21C4565751A6D4901C20D1B4CC25CBB7FD50D91D2AB6DD287BC86A9">>},
 {<<"fast_tls">>, <<"D1F422AF40C7777FE534496F508EE86515CB929AD10F7D1D56AA94CE899B44A0">>},
 {<<"goldrush">>, <<"99CB4128CFFCB3227581E5D4D803D5413FA643F4EB96523F77D9E6937D994CEB">>},
 {<<"jsx">>, <<"0C5CC8FDC11B53CC25CF65AC6705AD39E54ECC56D1C22E4ADB8F5A53FB9427F3">>},
 {<<"lager">>, <<"7F904D9E87A8CB7E66156ED31768D1C8E26EBA1D54F4BC85B1AA4AC1F6340C28">>},
 {<<"p1_utils">>, <<"C913E237CCA316193E243B6BB06F01F8189A38AAD7824FBA0C7ACAA8FB9D7CB6">>},
 {<<"ranch">>, <<"49FBCFD3682FAB1F5D109351B61257676DA1A2FDBE295904176D5E521A2DDFE5">>},
 {<<"stun">>, <<"FC596A6024C3DB793107173A210B9672500D468DDCBC568E5C6DEB7C3E2D1C50">>},
 {<<"syn">>, <<"C47EBA26AA743B349BA0DF6BFE7A74FF402B684AE65FB1B72E99DAE9C5A01660">>}]}
].
